
Microsoft Visual Studio Solution File, Format Version 12.00
# Visual Studio Version 17
VisualStudioVersion = 17.0.31903.59
MinimumVisualStudioVersion = 10.0.40219.1
Project("{2150E333-8FDC-42A3-9474-1A3956D46DE8}") = "src", "src", "{827E0CD3-B72D-47B6-A68D-7590B98EB39B}"
EndProject
Project("{FAE04EC0-301F-11D3-BF4B-00C04F79EFBC}") = "DemonsGate.Core", "src\DemonsGate.Core\DemonsGate.Core.csproj", "{1EA51430-3ED9-4180-A46E-EA7B04399C52}"
EndProject
Project("{2150E333-8FDC-42A3-9474-1A3956D46DE8}") = "tests", "tests", "{0AB3BF05-4346-4AA6-1389-037BE0695223}"
EndProject
Project("{FAE04EC0-301F-11D3-BF4B-00C04F79EFBC}") = "DemonsGate.Tests", "tests\DemonsGate.Tests\DemonsGate.Tests.csproj", "{95972188-5375-4D55-BCB7-4503A3287F28}"
EndProject
Project("{FAE04EC0-301F-11D3-BF4B-00C04F79EFBC}") = "DemonsGate.Server", "src\DemonsGate.Server\DemonsGate.Server.csproj", "{0527CCA5-B585-4223-8744-E928D79CD643}"
EndProject
Project("{FAE04EC0-301F-11D3-BF4B-00C04F79EFBC}") = "DemonsGate.Network", "src\DemonsGate.Network\DemonsGate.Network.csproj", "{73091DE1-C2C2-4626-B474-A91B4933E7C4}"
EndProject
Project("{FAE04EC0-301F-11D3-BF4B-00C04F79EFBC}") = "DemonsGate.Services", "src\DemonsGate.Services\DemonsGate.Services.csproj", "{7CFE471F-D79A-4D7E-BC2F-831F0994051F}"
EndProject
Global
	GlobalSection(SolutionConfigurationPlatforms) = preSolution
		Debug|Any CPU = Debug|Any CPU
		Debug|x64 = Debug|x64
		Debug|x86 = Debug|x86
		Release|Any CPU = Release|Any CPU
		Release|x64 = Release|x64
		Release|x86 = Release|x86
	EndGlobalSection
	GlobalSection(ProjectConfigurationPlatforms) = postSolution
		{1EA51430-3ED9-4180-A46E-EA7B04399C52}.Debug|Any CPU.ActiveCfg = Debug|Any CPU
		{1EA51430-3ED9-4180-A46E-EA7B04399C52}.Debug|Any CPU.Build.0 = Debug|Any CPU
		{1EA51430-3ED9-4180-A46E-EA7B04399C52}.Debug|x64.ActiveCfg = Debug|Any CPU
		{1EA51430-3ED9-4180-A46E-EA7B04399C52}.Debug|x64.Build.0 = Debug|Any CPU
		{1EA51430-3ED9-4180-A46E-EA7B04399C52}.Debug|x86.ActiveCfg = Debug|Any CPU
		{1EA51430-3ED9-4180-A46E-EA7B04399C52}.Debug|x86.Build.0 = Debug|Any CPU
		{1EA51430-3ED9-4180-A46E-EA7B04399C52}.Release|Any CPU.ActiveCfg = Release|Any CPU
		{1EA51430-3ED9-4180-A46E-EA7B04399C52}.Release|Any CPU.Build.0 = Release|Any CPU
		{1EA51430-3ED9-4180-A46E-EA7B04399C52}.Release|x64.ActiveCfg = Release|Any CPU
		{1EA51430-3ED9-4180-A46E-EA7B04399C52}.Release|x64.Build.0 = Release|Any CPU
		{1EA51430-3ED9-4180-A46E-EA7B04399C52}.Release|x86.ActiveCfg = Release|Any CPU
		{1EA51430-3ED9-4180-A46E-EA7B04399C52}.Release|x86.Build.0 = Release|Any CPU
		{95972188-5375-4D55-BCB7-4503A3287F28}.Debug|Any CPU.ActiveCfg = Debug|Any CPU
		{95972188-5375-4D55-BCB7-4503A3287F28}.Debug|Any CPU.Build.0 = Debug|Any CPU
		{95972188-5375-4D55-BCB7-4503A3287F28}.Debug|x64.ActiveCfg = Debug|Any CPU
		{95972188-5375-4D55-BCB7-4503A3287F28}.Debug|x64.Build.0 = Debug|Any CPU
		{95972188-5375-4D55-BCB7-4503A3287F28}.Debug|x86.ActiveCfg = Debug|Any CPU
		{95972188-5375-4D55-BCB7-4503A3287F28}.Debug|x86.Build.0 = Debug|Any CPU
		{95972188-5375-4D55-BCB7-4503A3287F28}.Release|Any CPU.ActiveCfg = Release|Any CPU
		{95972188-5375-4D55-BCB7-4503A3287F28}.Release|Any CPU.Build.0 = Release|Any CPU
		{95972188-5375-4D55-BCB7-4503A3287F28}.Release|x64.ActiveCfg = Release|Any CPU
		{95972188-5375-4D55-BCB7-4503A3287F28}.Release|x64.Build.0 = Release|Any CPU
		{95972188-5375-4D55-BCB7-4503A3287F28}.Release|x86.ActiveCfg = Release|Any CPU
		{95972188-5375-4D55-BCB7-4503A3287F28}.Release|x86.Build.0 = Release|Any CPU
		{0527CCA5-B585-4223-8744-E928D79CD643}.Debug|Any CPU.ActiveCfg = Debug|Any CPU
		{0527CCA5-B585-4223-8744-E928D79CD643}.Debug|Any CPU.Build.0 = Debug|Any CPU
		{0527CCA5-B585-4223-8744-E928D79CD643}.Debug|x64.ActiveCfg = Debug|Any CPU
		{0527CCA5-B585-4223-8744-E928D79CD643}.Debug|x64.Build.0 = Debug|Any CPU
		{0527CCA5-B585-4223-8744-E928D79CD643}.Debug|x86.ActiveCfg = Debug|Any CPU
		{0527CCA5-B585-4223-8744-E928D79CD643}.Debug|x86.Build.0 = Debug|Any CPU
		{0527CCA5-B585-4223-8744-E928D79CD643}.Release|Any CPU.ActiveCfg = Release|Any CPU
		{0527CCA5-B585-4223-8744-E928D79CD643}.Release|Any CPU.Build.0 = Release|Any CPU
		{0527CCA5-B585-4223-8744-E928D79CD643}.Release|x64.ActiveCfg = Release|Any CPU
		{0527CCA5-B585-4223-8744-E928D79CD643}.Release|x64.Build.0 = Release|Any CPU
		{0527CCA5-B585-4223-8744-E928D79CD643}.Release|x86.ActiveCfg = Release|Any CPU
		{0527CCA5-B585-4223-8744-E928D79CD643}.Release|x86.Build.0 = Release|Any CPU
		{73091DE1-C2C2-4626-B474-A91B4933E7C4}.Debug|Any CPU.ActiveCfg = Debug|Any CPU
		{73091DE1-C2C2-4626-B474-A91B4933E7C4}.Debug|Any CPU.Build.0 = Debug|Any CPU
		{73091DE1-C2C2-4626-B474-A91B4933E7C4}.Debug|x64.ActiveCfg = Debug|Any CPU
		{73091DE1-C2C2-4626-B474-A91B4933E7C4}.Debug|x64.Build.0 = Debug|Any CPU
		{73091DE1-C2C2-4626-B474-A91B4933E7C4}.Debug|x86.ActiveCfg = Debug|Any CPU
		{73091DE1-C2C2-4626-B474-A91B4933E7C4}.Debug|x86.Build.0 = Debug|Any CPU
		{73091DE1-C2C2-4626-B474-A91B4933E7C4}.Release|Any CPU.ActiveCfg = Release|Any CPU
		{73091DE1-C2C2-4626-B474-A91B4933E7C4}.Release|Any CPU.Build.0 = Release|Any CPU
		{73091DE1-C2C2-4626-B474-A91B4933E7C4}.Release|x64.ActiveCfg = Release|Any CPU
		{73091DE1-C2C2-4626-B474-A91B4933E7C4}.Release|x64.Build.0 = Release|Any CPU
		{73091DE1-C2C2-4626-B474-A91B4933E7C4}.Release|x86.ActiveCfg = Release|Any CPU
		{73091DE1-C2C2-4626-B474-A91B4933E7C4}.Release|x86.Build.0 = Release|Any CPU
		{7CFE471F-D79A-4D7E-BC2F-831F0994051F}.Debug|Any CPU.ActiveCfg = Debug|Any CPU
		{7CFE471F-D79A-4D7E-BC2F-831F0994051F}.Debug|Any CPU.Build.0 = Debug|Any CPU
		{7CFE471F-D79A-4D7E-BC2F-831F0994051F}.Debug|x64.ActiveCfg = Debug|Any CPU
		{7CFE471F-D79A-4D7E-BC2F-831F0994051F}.Debug|x64.Build.0 = Debug|Any CPU
		{7CFE471F-D79A-4D7E-BC2F-831F0994051F}.Debug|x86.ActiveCfg = Debug|Any CPU
		{7CFE471F-D79A-4D7E-BC2F-831F0994051F}.Debug|x86.Build.0 = Debug|Any CPU
		{7CFE471F-D79A-4D7E-BC2F-831F0994051F}.Release|Any CPU.ActiveCfg = Release|Any CPU
		{7CFE471F-D79A-4D7E-BC2F-831F0994051F}.Release|Any CPU.Build.0 = Release|Any CPU
		{7CFE471F-D79A-4D7E-BC2F-831F0994051F}.Release|x64.ActiveCfg = Release|Any CPU
		{7CFE471F-D79A-4D7E-BC2F-831F0994051F}.Release|x64.Build.0 = Release|Any CPU
		{7CFE471F-D79A-4D7E-BC2F-831F0994051F}.Release|x86.ActiveCfg = Release|Any CPU
		{7CFE471F-D79A-4D7E-BC2F-831F0994051F}.Release|x86.Build.0 = Release|Any CPU
	EndGlobalSection
	GlobalSection(SolutionProperties) = preSolution
		HideSolutionNode = FALSE
	EndGlobalSection
	GlobalSection(NestedProjects) = preSolution
		{1EA51430-3ED9-4180-A46E-EA7B04399C52} = {827E0CD3-B72D-47B6-A68D-7590B98EB39B}
		{95972188-5375-4D55-BCB7-4503A3287F28} = {0AB3BF05-4346-4AA6-1389-037BE0695223}
		{0527CCA5-B585-4223-8744-E928D79CD643} = {827E0CD3-B72D-47B6-A68D-7590B98EB39B}
		{73091DE1-C2C2-4626-B474-A91B4933E7C4} = {827E0CD3-B72D-47B6-A68D-7590B98EB39B}
		{7CFE471F-D79A-4D7E-BC2F-831F0994051F} = {827E0CD3-B72D-47B6-A68D-7590B98EB39B}
	EndGlobalSection
EndGlobal
